
Microsoft Visual Studio Solution File, Format Version 12.00
# Visual Studio 2013
VisualStudioVersion = 12.0.30110.0
MinimumVisualStudioVersion = 10.0.40219.1
Project("{2150E333-8FDC-42A3-9474-1A3956D46DE8}") = "Lib", "Lib", "{B8F6B4CB-34EC-4102-922A-DBD1B8930343}"
EndProject
Project("{2150E333-8FDC-42A3-9474-1A3956D46DE8}") = "Src", "Src", "{E4DE24F4-7F56-4E09-9C0E-81ADA1FC6286}"
EndProject
Project("{2150E333-8FDC-42A3-9474-1A3956D46DE8}") = "Ch01", "Ch01", "{86394A10-A4F5-4299-893B-11C779E640DC}"
EndProject
Project("{2150E333-8FDC-42A3-9474-1A3956D46DE8}") = "Ch02", "Ch02", "{346A774E-DBFF-432F-9AB1-B9735AE8BC97}"
EndProject
Project("{2150E333-8FDC-42A3-9474-1A3956D46DE8}") = "Ch03", "Ch03", "{87B4F233-50FD-4C3D-908A-9B47235DDA73}"
EndProject
Project("{2150E333-8FDC-42A3-9474-1A3956D46DE8}") = "Ch04", "Ch04", "{7957A187-C32C-4099-B81B-E9FD9C705178}"
EndProject
Project("{2150E333-8FDC-42A3-9474-1A3956D46DE8}") = "Ch05", "Ch05", "{EA331C3F-5492-4692-B2A9-449BEE113242}"
EndProject
Project("{FAE04EC0-301F-11D3-BF4B-00C04F79EFBC}") = "HelloMvc", "..\D5b\Src\Ch01\HelloMvc\HelloMvc.csproj", "{35DE4432-8093-4034-A997-47635639763C}"
EndProject
Project("{FAE04EC0-301F-11D3-BF4B-00C04F79EFBC}") = "MoreRoutes", "..\D5b\Src\Ch01\MoreRoutes\MoreRoutes.csproj", "{BD14B95F-D145-48A2-93DA-7F8072193209}"
EndProject
Project("{FAE04EC0-301F-11D3-BF4B-00C04F79EFBC}") = "BookSamples.Components", "Lib\BookSamples.Components\BookSamples.Components.csproj", "{8728670B-B710-4AFD-A35A-256C437D2AD8}"
EndProject
Project("{FAE04EC0-301F-11D3-BF4B-00C04F79EFBC}") = "BasicApp", "Src\Ch02\BasicApp\BasicApp.csproj", "{DA9B28B0-59AD-435D-B232-25137E0DB1A6}"
EndProject
Project("{FAE04EC0-301F-11D3-BF4B-00C04F79EFBC}") = "BindingFun", "Src\Ch03\BindingFun\BindingFun.csproj", "{9C1DEDB3-D057-449E-81EA-93D0494D5F06}"
EndProject
Project("{2150E333-8FDC-42A3-9474-1A3956D46DE8}") = "DataEntry", "DataEntry", "{7D47110B-6859-4A9E-BB8B-C1CA806CFD39}"
EndProject
Project("{2150E333-8FDC-42A3-9474-1A3956D46DE8}") = "Validation", "Validation", "{71D1EFE2-AFC8-4C17-8406-BF6BAF686C0B}"
EndProject
Project("{FAE04EC0-301F-11D3-BF4B-00C04F79EFBC}") = "Prg", "Src\Ch04\DataEntry\Prg\Prg.csproj", "{1D454BE3-4619-4590-839B-D43A33B230A4}"
EndProject
Project("{FAE04EC0-301F-11D3-BF4B-00C04F79EFBC}") = "Sep", "Src\Ch04\DataEntry\Sep\Sep.csproj", "{F1C96601-E3EB-4195-AE39-CE4554530130}"
EndProject
Project("{FAE04EC0-301F-11D3-BF4B-00C04F79EFBC}") = "DataAnnotations", "Src\Ch04\Validation\DataAnnotations\DataAnnotations.csproj", "{6F6A012F-7007-45BF-B823-568F1727080F}"
EndProject
Project("{2150E333-8FDC-42A3-9474-1A3956D46DE8}") = "Errors", "Errors", "{11511944-DC71-4B39-BB18-A7D656C4957B}"
EndProject
Project("{FAE04EC0-301F-11D3-BF4B-00C04F79EFBC}") = "TryCatch", "Src\Ch05\Errors\TryCatch\TryCatch.csproj", "{BFD6353A-1B45-484A-A63F-3EFDFDD2FCC2}"
EndProject
Project("{2150E333-8FDC-42A3-9474-1A3956D46DE8}") = "Intrinsics", "Intrinsics", "{46E3D642-82FD-4A93-B4DA-DDB4F268B77F}"
EndProject
Project("{FAE04EC0-301F-11D3-BF4B-00C04F79EFBC}") = "CachingDemo", "Src\Ch05\Intrinsics\CachingDemo\CachingDemo.csproj", "{A4398C0B-E865-4EF2-9116-D6CD209D6AD8}"
EndProject
Project("{2150E333-8FDC-42A3-9474-1A3956D46DE8}") = "Localize", "Localize", "{5B476AAE-6A1F-4469-9317-E4106C23C305}"
EndProject
Project("{FAE04EC0-301F-11D3-BF4B-00C04F79EFBC}") = "AutoLanguage", "Src\Ch05\Localize\AutoLanguage\AutoLanguage.csproj", "{7C6F148C-01AC-4106-9ADC-603D8823F538}"
EndProject
Project("{FAE04EC0-301F-11D3-BF4B-00C04F79EFBC}") = "MultiLanguage", "Src\Ch05\Localize\MultiLanguage\MultiLanguage.csproj", "{1EA970B3-3A88-44A4-87FB-851D01F82610}"
EndProject
Project("{2150E333-8FDC-42A3-9474-1A3956D46DE8}") = "Resx", "Resx", "{3C300B7A-F919-4A1B-B999-306D9928808A}"
EndProject
Project("{FAE04EC0-301F-11D3-BF4B-00C04F79EFBC}") = "EmbRes", "Src\Ch05\Resx\EmbRes\EmbRes.csproj", "{AE101E21-1164-43D2-8A0D-BC57423A7ED6}"
EndProject
Project("{FAE04EC0-301F-11D3-BF4B-00C04F79EFBC}") = "ImageMan", "Src\Ch05\Resx\ImageMan\ImageMan.csproj", "{71B6F261-5554-44A4-8F9C-DF38267D87EB}"
EndProject
Project("{2150E333-8FDC-42A3-9474-1A3956D46DE8}") = "Ch06", "Ch06", "{1B079779-015F-49C4-8AB1-A929B7CF8B73}"
EndProject
Project("{2150E333-8FDC-42A3-9474-1A3956D46DE8}") = "Ch07", "Ch07", "{6D687D0B-46DA-40F1-B864-D7AD3D4CE281}"
EndProject
Project("{2150E333-8FDC-42A3-9474-1A3956D46DE8}") = "Ch08", "Ch08", "{E948CE47-A9EA-4329-832D-038AD8E3E741}"
EndProject
Project("{2150E333-8FDC-42A3-9474-1A3956D46DE8}") = "Social", "Social", "{D38CE724-C124-491E-BFB1-0B2C4A77ED7C}"
EndProject
Project("{2150E333-8FDC-42A3-9474-1A3956D46DE8}") = "Identity", "Identity", "{A7CB6A5A-B97D-4BE9-B23E-953F30677AB8}"
EndProject
Project("{2150E333-8FDC-42A3-9474-1A3956D46DE8}") = "Membership", "Membership", "{AE59589F-4420-4687-8A45-406777091F8D}"
EndProject
Project("{FAE04EC0-301F-11D3-BF4B-00C04F79EFBC}") = "Identity", "Src\Ch06\Identity\Identity\Identity.csproj", "{24E490E4-05A7-444D-AEB2-D4A514607FDD}"
EndProject
Project("{FAE04EC0-301F-11D3-BF4B-00C04F79EFBC}") = "ClassicAuth", "Src\Ch06\Membership\ClassicAuth\ClassicAuth.csproj", "{2DF95710-65B8-45BA-B2D6-D776F0404C6F}"
EndProject
Project("{FAE04EC0-301F-11D3-BF4B-00C04F79EFBC}") = "AnyProvider", "Src\Ch06\Social\AnyProvider\AnyProvider.csproj", "{08A99C6C-2B26-4D0D-BDF0-FAAA131B4D0A}"
EndProject
Project("{FAE04EC0-301F-11D3-BF4B-00C04F79EFBC}") = "AuthDemo", "Src\Ch06\Social\AuthDemo\AuthDemo.csproj", "{A8F24C18-80B3-413F-83B0-489BFFEB7676}"
EndProject
Project("{FAE04EC0-301F-11D3-BF4B-00C04F79EFBC}") = "FatFree", "Src\Ch07\FatFree\FatFree.csproj", "{C5651F3E-72D3-41A2-9A20-854CD3663CFE}"
EndProject
Project("{FAE04EC0-301F-11D3-BF4B-00C04F79EFBC}") = "FatFreeIoC", "Src\Ch07\FatFreeIoC\FatFreeIoC.csproj", "{70D39333-2D0D-4279-8346-33919A8BD5A7}"
EndProject
Project("{2150E333-8FDC-42A3-9474-1A3956D46DE8}") = "ActionResults", "ActionResults", "{EBC1A7D9-326D-4CFD-8080-A26F18E995D7}"
EndProject
Project("{2150E333-8FDC-42A3-9474-1A3956D46DE8}") = "Filters", "Filters", "{EF8295A9-A39E-4E43-AB8B-9BDD66BA1831}"
EndProject
Project("{FAE04EC0-301F-11D3-BF4B-00C04F79EFBC}") = "PdfResults", "Src\Ch08\ActionResults\PdfResults\PdfResults.csproj", "{2815AE8D-2CF6-4588-98CD-5CB757976D69}"
EndProject
Project("{FAE04EC0-301F-11D3-BF4B-00C04F79EFBC}") = "ResultsMix", "Src\Ch08\ActionResults\ResultsMix\ResultsMix.csproj", "{816E40B1-7CDB-4751-A57C-EA575D3D894A}"
EndProject
Project("{FAE04EC0-301F-11D3-BF4B-00C04F79EFBC}") = "AspectMix", "Src\Ch08\Filters\AspectMix\AspectMix.csproj", "{5B3E0AED-5BB0-4D4E-8666-1B377304E90F}"
EndProject
Project("{FAE04EC0-301F-11D3-BF4B-00C04F79EFBC}") = "FillModel", "Src\Ch08\Filters\FillModel\FillModel.csproj", "{B9414572-E87F-410B-A2A6-D985F4416FD2}"
EndProject
Project("{2150E333-8FDC-42A3-9474-1A3956D46DE8}") = "Ch09", "Ch09", "{77ED87F1-4ADE-4E20-9C4C-3753567ABB0F}"
EndProject
Project("{2150E333-8FDC-42A3-9474-1A3956D46DE8}") = "Ch10", "Ch10", "{AD491AE5-541E-4150-BE48-2DA71D538FDB}"
EndProject
Project("{2150E333-8FDC-42A3-9474-1A3956D46DE8}") = "Ch11", "Ch11", "{082D7BFD-EC38-4B07-9510-332EE1B4AD8C}"
EndProject
Project("{FAE04EC0-301F-11D3-BF4B-00C04F79EFBC}") = "SampleApp", "Src\Ch09\SampleApp\SampleApp.csproj", "{19A6410D-B81C-4B21-90BB-F592C982CF43}"
EndProject
Project("{FAE04EC0-301F-11D3-BF4B-00C04F79EFBC}") = "SampleApp.Tests", "Src\Ch09\SampleApp.Tests\SampleApp.Tests.csproj", "{FAF423C5-EE26-45FF-919B-60602107EBDE}"
EndProject
Project("{FAE04EC0-301F-11D3-BF4B-00C04F79EFBC}") = "RpcStyle", "Src\Ch10\RpcStyle\RpcStyle.csproj", "{3566D9FB-CC05-4616-BCD5-AE3CD4C94E54}"
EndProject
Project("{FAE04EC0-301F-11D3-BF4B-00C04F79EFBC}") = "Simplest", "Src\Ch10\Simplest\Simplest.csproj", "{6D0B3C30-C1CB-41DC-ADE4-7E2B0A6D797A}"
EndProject
Project("{FAE04EC0-301F-11D3-BF4B-00C04F79EFBC}") = "JsFun", "Src\Ch11\JsFun\JsFun.csproj", "{14C47CA9-88DF-4C4A-91A2-8921A8313D21}"
EndProject
Project("{2150E333-8FDC-42A3-9474-1A3956D46DE8}") = "Ch12", "Ch12", "{048D99F7-EBCB-4BF8-BE9E-DA7899F3BB31}"
EndProject
Project("{2150E333-8FDC-42A3-9474-1A3956D46DE8}") = "Ch13", "Ch13", "{B19BB923-7F37-4E92-A8BB-480A57B6120D}"
EndProject
Project("{FAE04EC0-301F-11D3-BF4B-00C04F79EFBC}") = "Html5", "Src\Ch12\Html5\Html5.csproj", "{C96EE85F-E78F-4592-B62D-D62CFB2DD41A}"
EndProject
Project("{FAE04EC0-301F-11D3-BF4B-00C04F79EFBC}") = "MqBasic", "Src\Ch12\MqBasic\MqBasic.csproj", "{1747194B-CC3F-426D-80CA-FC07028BF1A4}"
EndProject
Project("{FAE04EC0-301F-11D3-BF4B-00C04F79EFBC}") = "SimpleMobile", "Src\Ch12\SimpleMobile\SimpleMobile.csproj", "{3D2E5959-D094-44BB-A2DA-8F7421056996}"
EndProject
Project("{FAE04EC0-301F-11D3-BF4B-00C04F79EFBC}") = "Detector", "Src\Ch13\Detec\Detector.csproj", "{9829CE32-45D1-4586-B4F8-5646B4FEAF30}"
EndProject
Project("{FAE04EC0-301F-11D3-BF4B-00C04F79EFBC}") = "SimplyMobile", "Src\Ch13\SimplyMobile\SimplyMobile.csproj", "{B7DEFB41-1CC3-420D-B9A4-CD3BDFCE77C0}"
EndProject
Project("{FAE04EC0-301F-11D3-BF4B-00C04F79EFBC}") = "MultiDevice", "Src\Ch13\MultiDevice\MultiDevice.csproj", "{F3731B1D-F64E-4ECC-8D09-E8024E03390D}"
EndProject
Global
	GlobalSection(SolutionConfigurationPlatforms) = preSolution
		Debug|Any CPU = Debug|Any CPU
		Release|Any CPU = Release|Any CPU
	EndGlobalSection
	GlobalSection(ProjectConfigurationPlatforms) = postSolution
		{35DE4432-8093-4034-A997-47635639763C}.Debug|Any CPU.ActiveCfg = Debug|Any CPU
		{35DE4432-8093-4034-A997-47635639763C}.Debug|Any CPU.Build.0 = Debug|Any CPU
		{35DE4432-8093-4034-A997-47635639763C}.Release|Any CPU.ActiveCfg = Release|Any CPU
		{35DE4432-8093-4034-A997-47635639763C}.Release|Any CPU.Build.0 = Release|Any CPU
		{BD14B95F-D145-48A2-93DA-7F8072193209}.Debug|Any CPU.ActiveCfg = Debug|Any CPU
		{BD14B95F-D145-48A2-93DA-7F8072193209}.Debug|Any CPU.Build.0 = Debug|Any CPU
		{BD14B95F-D145-48A2-93DA-7F8072193209}.Release|Any CPU.ActiveCfg = Release|Any CPU
		{BD14B95F-D145-48A2-93DA-7F8072193209}.Release|Any CPU.Build.0 = Release|Any CPU
		{8728670B-B710-4AFD-A35A-256C437D2AD8}.Debug|Any CPU.ActiveCfg = Debug|Any CPU
		{8728670B-B710-4AFD-A35A-256C437D2AD8}.Debug|Any CPU.Build.0 = Debug|Any CPU
		{8728670B-B710-4AFD-A35A-256C437D2AD8}.Release|Any CPU.ActiveCfg = Release|Any CPU
		{8728670B-B710-4AFD-A35A-256C437D2AD8}.Release|Any CPU.Build.0 = Release|Any CPU
		{DA9B28B0-59AD-435D-B232-25137E0DB1A6}.Debug|Any CPU.ActiveCfg = Debug|Any CPU
		{DA9B28B0-59AD-435D-B232-25137E0DB1A6}.Debug|Any CPU.Build.0 = Debug|Any CPU
		{DA9B28B0-59AD-435D-B232-25137E0DB1A6}.Release|Any CPU.ActiveCfg = Release|Any CPU
		{DA9B28B0-59AD-435D-B232-25137E0DB1A6}.Release|Any CPU.Build.0 = Release|Any CPU
		{9C1DEDB3-D057-449E-81EA-93D0494D5F06}.Debug|Any CPU.ActiveCfg = Debug|Any CPU
		{9C1DEDB3-D057-449E-81EA-93D0494D5F06}.Debug|Any CPU.Build.0 = Debug|Any CPU
		{9C1DEDB3-D057-449E-81EA-93D0494D5F06}.Release|Any CPU.ActiveCfg = Release|Any CPU
		{9C1DEDB3-D057-449E-81EA-93D0494D5F06}.Release|Any CPU.Build.0 = Release|Any CPU
		{1D454BE3-4619-4590-839B-D43A33B230A4}.Debug|Any CPU.ActiveCfg = Debug|Any CPU
		{1D454BE3-4619-4590-839B-D43A33B230A4}.Debug|Any CPU.Build.0 = Debug|Any CPU
		{1D454BE3-4619-4590-839B-D43A33B230A4}.Release|Any CPU.ActiveCfg = Release|Any CPU
		{1D454BE3-4619-4590-839B-D43A33B230A4}.Release|Any CPU.Build.0 = Release|Any CPU
		{F1C96601-E3EB-4195-AE39-CE4554530130}.Debug|Any CPU.ActiveCfg = Debug|Any CPU
		{F1C96601-E3EB-4195-AE39-CE4554530130}.Debug|Any CPU.Build.0 = Debug|Any CPU
		{F1C96601-E3EB-4195-AE39-CE4554530130}.Release|Any CPU.ActiveCfg = Release|Any CPU
		{F1C96601-E3EB-4195-AE39-CE4554530130}.Release|Any CPU.Build.0 = Release|Any CPU
		{6F6A012F-7007-45BF-B823-568F1727080F}.Debug|Any CPU.ActiveCfg = Debug|Any CPU
		{6F6A012F-7007-45BF-B823-568F1727080F}.Debug|Any CPU.Build.0 = Debug|Any CPU
		{6F6A012F-7007-45BF-B823-568F1727080F}.Release|Any CPU.ActiveCfg = Release|Any CPU
		{6F6A012F-7007-45BF-B823-568F1727080F}.Release|Any CPU.Build.0 = Release|Any CPU
		{BFD6353A-1B45-484A-A63F-3EFDFDD2FCC2}.Debug|Any CPU.ActiveCfg = Debug|Any CPU
		{BFD6353A-1B45-484A-A63F-3EFDFDD2FCC2}.Debug|Any CPU.Build.0 = Debug|Any CPU
		{BFD6353A-1B45-484A-A63F-3EFDFDD2FCC2}.Release|Any CPU.ActiveCfg = Release|Any CPU
		{BFD6353A-1B45-484A-A63F-3EFDFDD2FCC2}.Release|Any CPU.Build.0 = Release|Any CPU
		{A4398C0B-E865-4EF2-9116-D6CD209D6AD8}.Debug|Any CPU.ActiveCfg = Debug|Any CPU
		{A4398C0B-E865-4EF2-9116-D6CD209D6AD8}.Debug|Any CPU.Build.0 = Debug|Any CPU
		{A4398C0B-E865-4EF2-9116-D6CD209D6AD8}.Release|Any CPU.ActiveCfg = Release|Any CPU
		{A4398C0B-E865-4EF2-9116-D6CD209D6AD8}.Release|Any CPU.Build.0 = Release|Any CPU
		{7C6F148C-01AC-4106-9ADC-603D8823F538}.Debug|Any CPU.ActiveCfg = Debug|Any CPU
		{7C6F148C-01AC-4106-9ADC-603D8823F538}.Debug|Any CPU.Build.0 = Debug|Any CPU
		{7C6F148C-01AC-4106-9ADC-603D8823F538}.Release|Any CPU.ActiveCfg = Release|Any CPU
		{7C6F148C-01AC-4106-9ADC-603D8823F538}.Release|Any CPU.Build.0 = Release|Any CPU
		{1EA970B3-3A88-44A4-87FB-851D01F82610}.Debug|Any CPU.ActiveCfg = Debug|Any CPU
		{1EA970B3-3A88-44A4-87FB-851D01F82610}.Debug|Any CPU.Build.0 = Debug|Any CPU
		{1EA970B3-3A88-44A4-87FB-851D01F82610}.Release|Any CPU.ActiveCfg = Release|Any CPU
		{1EA970B3-3A88-44A4-87FB-851D01F82610}.Release|Any CPU.Build.0 = Release|Any CPU
		{AE101E21-1164-43D2-8A0D-BC57423A7ED6}.Debug|Any CPU.ActiveCfg = Debug|Any CPU
		{AE101E21-1164-43D2-8A0D-BC57423A7ED6}.Debug|Any CPU.Build.0 = Debug|Any CPU
		{AE101E21-1164-43D2-8A0D-BC57423A7ED6}.Release|Any CPU.ActiveCfg = Release|Any CPU
		{AE101E21-1164-43D2-8A0D-BC57423A7ED6}.Release|Any CPU.Build.0 = Release|Any CPU
		{71B6F261-5554-44A4-8F9C-DF38267D87EB}.Debug|Any CPU.ActiveCfg = Debug|Any CPU
		{71B6F261-5554-44A4-8F9C-DF38267D87EB}.Debug|Any CPU.Build.0 = Debug|Any CPU
		{71B6F261-5554-44A4-8F9C-DF38267D87EB}.Release|Any CPU.ActiveCfg = Release|Any CPU
		{71B6F261-5554-44A4-8F9C-DF38267D87EB}.Release|Any CPU.Build.0 = Release|Any CPU
		{24E490E4-05A7-444D-AEB2-D4A514607FDD}.Debug|Any CPU.ActiveCfg = Debug|Any CPU
		{24E490E4-05A7-444D-AEB2-D4A514607FDD}.Debug|Any CPU.Build.0 = Debug|Any CPU
		{24E490E4-05A7-444D-AEB2-D4A514607FDD}.Release|Any CPU.ActiveCfg = Release|Any CPU
		{24E490E4-05A7-444D-AEB2-D4A514607FDD}.Release|Any CPU.Build.0 = Release|Any CPU
		{2DF95710-65B8-45BA-B2D6-D776F0404C6F}.Debug|Any CPU.ActiveCfg = Debug|Any CPU
		{2DF95710-65B8-45BA-B2D6-D776F0404C6F}.Debug|Any CPU.Build.0 = Debug|Any CPU
		{2DF95710-65B8-45BA-B2D6-D776F0404C6F}.Release|Any CPU.ActiveCfg = Release|Any CPU
		{2DF95710-65B8-45BA-B2D6-D776F0404C6F}.Release|Any CPU.Build.0 = Release|Any CPU
		{08A99C6C-2B26-4D0D-BDF0-FAAA131B4D0A}.Debug|Any CPU.ActiveCfg = Debug|Any CPU
		{08A99C6C-2B26-4D0D-BDF0-FAAA131B4D0A}.Debug|Any CPU.Build.0 = Debug|Any CPU
		{08A99C6C-2B26-4D0D-BDF0-FAAA131B4D0A}.Release|Any CPU.ActiveCfg = Release|Any CPU
		{08A99C6C-2B26-4D0D-BDF0-FAAA131B4D0A}.Release|Any CPU.Build.0 = Release|Any CPU
		{A8F24C18-80B3-413F-83B0-489BFFEB7676}.Debug|Any CPU.ActiveCfg = Debug|Any CPU
		{A8F24C18-80B3-413F-83B0-489BFFEB7676}.Debug|Any CPU.Build.0 = Debug|Any CPU
		{A8F24C18-80B3-413F-83B0-489BFFEB7676}.Release|Any CPU.ActiveCfg = Release|Any CPU
		{A8F24C18-80B3-413F-83B0-489BFFEB7676}.Release|Any CPU.Build.0 = Release|Any CPU
		{C5651F3E-72D3-41A2-9A20-854CD3663CFE}.Debug|Any CPU.ActiveCfg = Debug|Any CPU
		{C5651F3E-72D3-41A2-9A20-854CD3663CFE}.Debug|Any CPU.Build.0 = Debug|Any CPU
		{C5651F3E-72D3-41A2-9A20-854CD3663CFE}.Release|Any CPU.ActiveCfg = Release|Any CPU
		{C5651F3E-72D3-41A2-9A20-854CD3663CFE}.Release|Any CPU.Build.0 = Release|Any CPU
		{70D39333-2D0D-4279-8346-33919A8BD5A7}.Debug|Any CPU.ActiveCfg = Debug|Any CPU
		{70D39333-2D0D-4279-8346-33919A8BD5A7}.Debug|Any CPU.Build.0 = Debug|Any CPU
		{70D39333-2D0D-4279-8346-33919A8BD5A7}.Release|Any CPU.ActiveCfg = Release|Any CPU
		{70D39333-2D0D-4279-8346-33919A8BD5A7}.Release|Any CPU.Build.0 = Release|Any CPU
		{2815AE8D-2CF6-4588-98CD-5CB757976D69}.Debug|Any CPU.ActiveCfg = Debug|Any CPU
		{2815AE8D-2CF6-4588-98CD-5CB757976D69}.Debug|Any CPU.Build.0 = Debug|Any CPU
		{2815AE8D-2CF6-4588-98CD-5CB757976D69}.Release|Any CPU.ActiveCfg = Release|Any CPU
		{2815AE8D-2CF6-4588-98CD-5CB757976D69}.Release|Any CPU.Build.0 = Release|Any CPU
		{816E40B1-7CDB-4751-A57C-EA575D3D894A}.Debug|Any CPU.ActiveCfg = Debug|Any CPU
		{816E40B1-7CDB-4751-A57C-EA575D3D894A}.Debug|Any CPU.Build.0 = Debug|Any CPU
		{816E40B1-7CDB-4751-A57C-EA575D3D894A}.Release|Any CPU.ActiveCfg = Release|Any CPU
		{816E40B1-7CDB-4751-A57C-EA575D3D894A}.Release|Any CPU.Build.0 = Release|Any CPU
		{5B3E0AED-5BB0-4D4E-8666-1B377304E90F}.Debug|Any CPU.ActiveCfg = Debug|Any CPU
		{5B3E0AED-5BB0-4D4E-8666-1B377304E90F}.Debug|Any CPU.Build.0 = Debug|Any CPU
		{5B3E0AED-5BB0-4D4E-8666-1B377304E90F}.Release|Any CPU.ActiveCfg = Release|Any CPU
		{5B3E0AED-5BB0-4D4E-8666-1B377304E90F}.Release|Any CPU.Build.0 = Release|Any CPU
		{B9414572-E87F-410B-A2A6-D985F4416FD2}.Debug|Any CPU.ActiveCfg = Debug|Any CPU
		{B9414572-E87F-410B-A2A6-D985F4416FD2}.Debug|Any CPU.Build.0 = Debug|Any CPU
		{B9414572-E87F-410B-A2A6-D985F4416FD2}.Release|Any CPU.ActiveCfg = Release|Any CPU
		{B9414572-E87F-410B-A2A6-D985F4416FD2}.Release|Any CPU.Build.0 = Release|Any CPU
		{19A6410D-B81C-4B21-90BB-F592C982CF43}.Debug|Any CPU.ActiveCfg = Debug|Any CPU
		{19A6410D-B81C-4B21-90BB-F592C982CF43}.Debug|Any CPU.Build.0 = Debug|Any CPU
		{19A6410D-B81C-4B21-90BB-F592C982CF43}.Release|Any CPU.ActiveCfg = Release|Any CPU
		{19A6410D-B81C-4B21-90BB-F592C982CF43}.Release|Any CPU.Build.0 = Release|Any CPU
		{FAF423C5-EE26-45FF-919B-60602107EBDE}.Debug|Any CPU.ActiveCfg = Debug|Any CPU
		{FAF423C5-EE26-45FF-919B-60602107EBDE}.Debug|Any CPU.Build.0 = Debug|Any CPU
		{FAF423C5-EE26-45FF-919B-60602107EBDE}.Release|Any CPU.ActiveCfg = Release|Any CPU
		{FAF423C5-EE26-45FF-919B-60602107EBDE}.Release|Any CPU.Build.0 = Release|Any CPU
		{3566D9FB-CC05-4616-BCD5-AE3CD4C94E54}.Debug|Any CPU.ActiveCfg = Debug|Any CPU
		{3566D9FB-CC05-4616-BCD5-AE3CD4C94E54}.Debug|Any CPU.Build.0 = Debug|Any CPU
		{3566D9FB-CC05-4616-BCD5-AE3CD4C94E54}.Release|Any CPU.ActiveCfg = Release|Any CPU
		{3566D9FB-CC05-4616-BCD5-AE3CD4C94E54}.Release|Any CPU.Build.0 = Release|Any CPU
		{6D0B3C30-C1CB-41DC-ADE4-7E2B0A6D797A}.Debug|Any CPU.ActiveCfg = Debug|Any CPU
		{6D0B3C30-C1CB-41DC-ADE4-7E2B0A6D797A}.Debug|Any CPU.Build.0 = Debug|Any CPU
		{6D0B3C30-C1CB-41DC-ADE4-7E2B0A6D797A}.Release|Any CPU.ActiveCfg = Release|Any CPU
		{6D0B3C30-C1CB-41DC-ADE4-7E2B0A6D797A}.Release|Any CPU.Build.0 = Release|Any CPU
		{14C47CA9-88DF-4C4A-91A2-8921A8313D21}.Debug|Any CPU.ActiveCfg = Debug|Any CPU
		{14C47CA9-88DF-4C4A-91A2-8921A8313D21}.Debug|Any CPU.Build.0 = Debug|Any CPU
		{14C47CA9-88DF-4C4A-91A2-8921A8313D21}.Release|Any CPU.ActiveCfg = Release|Any CPU
		{14C47CA9-88DF-4C4A-91A2-8921A8313D21}.Release|Any CPU.Build.0 = Release|Any CPU
		{C96EE85F-E78F-4592-B62D-D62CFB2DD41A}.Debug|Any CPU.ActiveCfg = Debug|Any CPU
		{C96EE85F-E78F-4592-B62D-D62CFB2DD41A}.Debug|Any CPU.Build.0 = Debug|Any CPU
		{C96EE85F-E78F-4592-B62D-D62CFB2DD41A}.Release|Any CPU.ActiveCfg = Release|Any CPU
		{C96EE85F-E78F-4592-B62D-D62CFB2DD41A}.Release|Any CPU.Build.0 = Release|Any CPU
		{1747194B-CC3F-426D-80CA-FC07028BF1A4}.Debug|Any CPU.ActiveCfg = Debug|Any CPU
		{1747194B-CC3F-426D-80CA-FC07028BF1A4}.Debug|Any CPU.Build.0 = Debug|Any CPU
		{1747194B-CC3F-426D-80CA-FC07028BF1A4}.Release|Any CPU.ActiveCfg = Release|Any CPU
		{1747194B-CC3F-426D-80CA-FC07028BF1A4}.Release|Any CPU.Build.0 = Release|Any CPU
		{3D2E5959-D094-44BB-A2DA-8F7421056996}.Debug|Any CPU.ActiveCfg = Debug|Any CPU
		{3D2E5959-D094-44BB-A2DA-8F7421056996}.Debug|Any CPU.Build.0 = Debug|Any CPU
		{3D2E5959-D094-44BB-A2DA-8F7421056996}.Release|Any CPU.ActiveCfg = Release|Any CPU
		{3D2E5959-D094-44BB-A2DA-8F7421056996}.Release|Any CPU.Build.0 = Release|Any CPU
		{9829CE32-45D1-4586-B4F8-5646B4FEAF30}.Debug|Any CPU.ActiveCfg = Debug|Any CPU
		{9829CE32-45D1-4586-B4F8-5646B4FEAF30}.Debug|Any CPU.Build.0 = Debug|Any CPU
		{9829CE32-45D1-4586-B4F8-5646B4FEAF30}.Release|Any CPU.ActiveCfg = Release|Any CPU
		{9829CE32-45D1-4586-B4F8-5646B4FEAF30}.Release|Any CPU.Build.0 = Release|Any CPU
		{B7DEFB41-1CC3-420D-B9A4-CD3BDFCE77C0}.Debug|Any CPU.ActiveCfg = Debug|Any CPU
		{B7DEFB41-1CC3-420D-B9A4-CD3BDFCE77C0}.Debug|Any CPU.Build.0 = Debug|Any CPU
		{B7DEFB41-1CC3-420D-B9A4-CD3BDFCE77C0}.Release|Any CPU.ActiveCfg = Release|Any CPU
		{B7DEFB41-1CC3-420D-B9A4-CD3BDFCE77C0}.Release|Any CPU.Build.0 = Release|Any CPU
		{F3731B1D-F64E-4ECC-8D09-E8024E03390D}.Debug|Any CPU.ActiveCfg = Debug|Any CPU
		{F3731B1D-F64E-4ECC-8D09-E8024E03390D}.Debug|Any CPU.Build.0 = Debug|Any CPU
		{F3731B1D-F64E-4ECC-8D09-E8024E03390D}.Release|Any CPU.ActiveCfg = Release|Any CPU
		{F3731B1D-F64E-4ECC-8D09-E8024E03390D}.Release|Any CPU.Build.0 = Release|Any CPU
	EndGlobalSection
	GlobalSection(SolutionProperties) = preSolution
		HideSolutionNode = FALSE
	EndGlobalSection
	GlobalSection(NestedProjects) = preSolution
		{8728670B-B710-4AFD-A35A-256C437D2AD8} = {B8F6B4CB-34EC-4102-922A-DBD1B8930343}
		{86394A10-A4F5-4299-893B-11C779E640DC} = {E4DE24F4-7F56-4E09-9C0E-81ADA1FC6286}
		{346A774E-DBFF-432F-9AB1-B9735AE8BC97} = {E4DE24F4-7F56-4E09-9C0E-81ADA1FC6286}
		{87B4F233-50FD-4C3D-908A-9B47235DDA73} = {E4DE24F4-7F56-4E09-9C0E-81ADA1FC6286}
		{7957A187-C32C-4099-B81B-E9FD9C705178} = {E4DE24F4-7F56-4E09-9C0E-81ADA1FC6286}
		{EA331C3F-5492-4692-B2A9-449BEE113242} = {E4DE24F4-7F56-4E09-9C0E-81ADA1FC6286}
		{1B079779-015F-49C4-8AB1-A929B7CF8B73} = {E4DE24F4-7F56-4E09-9C0E-81ADA1FC6286}
		{6D687D0B-46DA-40F1-B864-D7AD3D4CE281} = {E4DE24F4-7F56-4E09-9C0E-81ADA1FC6286}
		{E948CE47-A9EA-4329-832D-038AD8E3E741} = {E4DE24F4-7F56-4E09-9C0E-81ADA1FC6286}
		{77ED87F1-4ADE-4E20-9C4C-3753567ABB0F} = {E4DE24F4-7F56-4E09-9C0E-81ADA1FC6286}
		{AD491AE5-541E-4150-BE48-2DA71D538FDB} = {E4DE24F4-7F56-4E09-9C0E-81ADA1FC6286}
		{082D7BFD-EC38-4B07-9510-332EE1B4AD8C} = {E4DE24F4-7F56-4E09-9C0E-81ADA1FC6286}
		{048D99F7-EBCB-4BF8-BE9E-DA7899F3BB31} = {E4DE24F4-7F56-4E09-9C0E-81ADA1FC6286}
		{B19BB923-7F37-4E92-A8BB-480A57B6120D} = {E4DE24F4-7F56-4E09-9C0E-81ADA1FC6286}
		{35DE4432-8093-4034-A997-47635639763C} = {86394A10-A4F5-4299-893B-11C779E640DC}
		{BD14B95F-D145-48A2-93DA-7F8072193209} = {86394A10-A4F5-4299-893B-11C779E640DC}
		{DA9B28B0-59AD-435D-B232-25137E0DB1A6} = {346A774E-DBFF-432F-9AB1-B9735AE8BC97}
		{9C1DEDB3-D057-449E-81EA-93D0494D5F06} = {87B4F233-50FD-4C3D-908A-9B47235DDA73}
		{7D47110B-6859-4A9E-BB8B-C1CA806CFD39} = {7957A187-C32C-4099-B81B-E9FD9C705178}
		{71D1EFE2-AFC8-4C17-8406-BF6BAF686C0B} = {7957A187-C32C-4099-B81B-E9FD9C705178}
		{11511944-DC71-4B39-BB18-A7D656C4957B} = {EA331C3F-5492-4692-B2A9-449BEE113242}
		{46E3D642-82FD-4A93-B4DA-DDB4F268B77F} = {EA331C3F-5492-4692-B2A9-449BEE113242}
		{5B476AAE-6A1F-4469-9317-E4106C23C305} = {EA331C3F-5492-4692-B2A9-449BEE113242}
		{3C300B7A-F919-4A1B-B999-306D9928808A} = {EA331C3F-5492-4692-B2A9-449BEE113242}
		{1D454BE3-4619-4590-839B-D43A33B230A4} = {7D47110B-6859-4A9E-BB8B-C1CA806CFD39}
		{F1C96601-E3EB-4195-AE39-CE4554530130} = {7D47110B-6859-4A9E-BB8B-C1CA806CFD39}
		{6F6A012F-7007-45BF-B823-568F1727080F} = {71D1EFE2-AFC8-4C17-8406-BF6BAF686C0B}
		{BFD6353A-1B45-484A-A63F-3EFDFDD2FCC2} = {11511944-DC71-4B39-BB18-A7D656C4957B}
		{A4398C0B-E865-4EF2-9116-D6CD209D6AD8} = {46E3D642-82FD-4A93-B4DA-DDB4F268B77F}
		{7C6F148C-01AC-4106-9ADC-603D8823F538} = {5B476AAE-6A1F-4469-9317-E4106C23C305}
		{1EA970B3-3A88-44A4-87FB-851D01F82610} = {5B476AAE-6A1F-4469-9317-E4106C23C305}
		{AE101E21-1164-43D2-8A0D-BC57423A7ED6} = {3C300B7A-F919-4A1B-B999-306D9928808A}
		{71B6F261-5554-44A4-8F9C-DF38267D87EB} = {3C300B7A-F919-4A1B-B999-306D9928808A}
		{D38CE724-C124-491E-BFB1-0B2C4A77ED7C} = {1B079779-015F-49C4-8AB1-A929B7CF8B73}
		{A7CB6A5A-B97D-4BE9-B23E-953F30677AB8} = {1B079779-015F-49C4-8AB1-A929B7CF8B73}
		{AE59589F-4420-4687-8A45-406777091F8D} = {1B079779-015F-49C4-8AB1-A929B7CF8B73}
		{C5651F3E-72D3-41A2-9A20-854CD3663CFE} = {6D687D0B-46DA-40F1-B864-D7AD3D4CE281}
		{70D39333-2D0D-4279-8346-33919A8BD5A7} = {6D687D0B-46DA-40F1-B864-D7AD3D4CE281}
		{EBC1A7D9-326D-4CFD-8080-A26F18E995D7} = {E948CE47-A9EA-4329-832D-038AD8E3E741}
		{EF8295A9-A39E-4E43-AB8B-9BDD66BA1831} = {E948CE47-A9EA-4329-832D-038AD8E3E741}
		{08A99C6C-2B26-4D0D-BDF0-FAAA131B4D0A} = {D38CE724-C124-491E-BFB1-0B2C4A77ED7C}
		{A8F24C18-80B3-413F-83B0-489BFFEB7676} = {D38CE724-C124-491E-BFB1-0B2C4A77ED7C}
		{24E490E4-05A7-444D-AEB2-D4A514607FDD} = {A7CB6A5A-B97D-4BE9-B23E-953F30677AB8}
		{2DF95710-65B8-45BA-B2D6-D776F0404C6F} = {AE59589F-4420-4687-8A45-406777091F8D}
		{2815AE8D-2CF6-4588-98CD-5CB757976D69} = {EBC1A7D9-326D-4CFD-8080-A26F18E995D7}
		{816E40B1-7CDB-4751-A57C-EA575D3D894A} = {EBC1A7D9-326D-4CFD-8080-A26F18E995D7}
		{5B3E0AED-5BB0-4D4E-8666-1B377304E90F} = {EF8295A9-A39E-4E43-AB8B-9BDD66BA1831}
		{B9414572-E87F-410B-A2A6-D985F4416FD2} = {EF8295A9-A39E-4E43-AB8B-9BDD66BA1831}
		{19A6410D-B81C-4B21-90BB-F592C982CF43} = {77ED87F1-4ADE-4E20-9C4C-3753567ABB0F}
		{FAF423C5-EE26-45FF-919B-60602107EBDE} = {77ED87F1-4ADE-4E20-9C4C-3753567ABB0F}
		{3566D9FB-CC05-4616-BCD5-AE3CD4C94E54} = {AD491AE5-541E-4150-BE48-2DA71D538FDB}
		{6D0B3C30-C1CB-41DC-ADE4-7E2B0A6D797A} = {AD491AE5-541E-4150-BE48-2DA71D538FDB}
		{14C47CA9-88DF-4C4A-91A2-8921A8313D21} = {082D7BFD-EC38-4B07-9510-332EE1B4AD8C}
		{C96EE85F-E78F-4592-B62D-D62CFB2DD41A} = {048D99F7-EBCB-4BF8-BE9E-DA7899F3BB31}
		{1747194B-CC3F-426D-80CA-FC07028BF1A4} = {048D99F7-EBCB-4BF8-BE9E-DA7899F3BB31}
		{3D2E5959-D094-44BB-A2DA-8F7421056996} = {048D99F7-EBCB-4BF8-BE9E-DA7899F3BB31}
		{9829CE32-45D1-4586-B4F8-5646B4FEAF30} = {B19BB923-7F37-4E92-A8BB-480A57B6120D}
		{B7DEFB41-1CC3-420D-B9A4-CD3BDFCE77C0} = {B19BB923-7F37-4E92-A8BB-480A57B6120D}
		{F3731B1D-F64E-4ECC-8D09-E8024E03390D} = {B19BB923-7F37-4E92-A8BB-480A57B6120D}
	EndGlobalSection
EndGlobal
